
Microsoft Visual Studio Solution File, Format Version 12.00
# Visual Studio 15
VisualStudioVersion = 15.0.26124.0
MinimumVisualStudioVersion = 15.0.26124.0
Project("{9A19103F-16F7-4668-BE54-9A1E7A4F7556}") = "Layout", "Layout\Layout.csproj", "{5ACE53DC-F177-4CE7-96AC-C36250BBA34B}"
EndProject
Project("{9A19103F-16F7-4668-BE54-9A1E7A4F7556}") = "Gumbo.Net", "Gumbo.Net\Gumbo.Net\Gumbo.Net.csproj", "{06C04D3D-61D5-49AE-838C-4E11B744D983}"
EndProject
Project("{9A19103F-16F7-4668-BE54-9A1E7A4F7556}") = "Gumbo.Tests", "Gumbo.Net\Gumbo.Tests\Gumbo.Tests.csproj", "{92B906E6-DA18-43BA-A63C-0A089DEFE173}"
EndProject
Project("{9A19103F-16F7-4668-BE54-9A1E7A4F7556}") = "Gumbo.DefGen", "Gumbo.Net\Gumbo.DefGen\Gumbo.DefGen.csproj", "{01AF6DC6-AE1E-4C3B-BF07-36D1498377A3}"
EndProject
Project("{2150E333-8FDC-42A3-9474-1A3956D46DE8}") = "Gumbo.Net", "Gumbo.Net", "{4E27FBE1-D33D-4C2C-8807-4EEEF9941A7A}"
EndProject
Project("{9A19103F-16F7-4668-BE54-9A1E7A4F7556}") = "Layout.Tests", "Layout.Tests\Layout.Tests.csproj", "{535E4648-96CB-4896-B9ED-293308D84E15}"
EndProject
Project("{9A19103F-16F7-4668-BE54-9A1E7A4F7556}") = "Browser.Unity", "Browser.Unity\Browser.Unity.csproj", "{1295DE1F-82CD-43FB-BC9E-84DC24F35456}"
EndProject
Project("{9A19103F-16F7-4668-BE54-9A1E7A4F7556}") = "Layout.CairoContainer", "Layout.CairoContainer\Layout.CairoContainer.csproj", "{0F234627-F940-4258-BF93-3035EAC7A0F9}"
EndProject
Project("{9A19103F-16F7-4668-BE54-9A1E7A4F7556}") = "Layout.FormsContainer", "Layout.FormsContainer\Layout.FormsContainer.csproj", "{5571FC90-0F97-4D96-8AD2-3E3A2116D3BC}"
EndProject
Project("{FAE04EC0-301F-11D3-BF4B-00C04F79EFBC}") = "Browser.Forms", "Browser.Forms\Browser.Forms.csproj", "{59EBEF4C-B55F-444F-A69A-FAC35FE0D200}"
EndProject
Project("{9A19103F-16F7-4668-BE54-9A1E7A4F7556}") = "Script", "Script\Script.csproj", "{3ABBBCBC-4D93-4C0A-AE26-05313A8F6874}"
EndProject
Project("{9A19103F-16F7-4668-BE54-9A1E7A4F7556}") = "Script.Tests", "Script.Tests\Script.Tests.csproj", "{17098255-FDA0-43CE-B57C-7473BE6E3597}"
EndProject
Global
	GlobalSection(SolutionConfigurationPlatforms) = preSolution
		Debug|Any CPU = Debug|Any CPU
		Release|Any CPU = Release|Any CPU
	EndGlobalSection
	GlobalSection(ProjectConfigurationPlatforms) = postSolution
		{5ACE53DC-F177-4CE7-96AC-C36250BBA34B}.Debug|Any CPU.ActiveCfg = Debug|Any CPU
		{5ACE53DC-F177-4CE7-96AC-C36250BBA34B}.Debug|Any CPU.Build.0 = Debug|Any CPU
		{5ACE53DC-F177-4CE7-96AC-C36250BBA34B}.Release|Any CPU.ActiveCfg = Release|Any CPU
		{5ACE53DC-F177-4CE7-96AC-C36250BBA34B}.Release|Any CPU.Build.0 = Release|Any CPU
		{06C04D3D-61D5-49AE-838C-4E11B744D983}.Debug|Any CPU.ActiveCfg = Debug|Any CPU
		{06C04D3D-61D5-49AE-838C-4E11B744D983}.Debug|Any CPU.Build.0 = Debug|Any CPU
		{06C04D3D-61D5-49AE-838C-4E11B744D983}.Release|Any CPU.ActiveCfg = Release|Any CPU
		{06C04D3D-61D5-49AE-838C-4E11B744D983}.Release|Any CPU.Build.0 = Release|Any CPU
		{92B906E6-DA18-43BA-A63C-0A089DEFE173}.Debug|Any CPU.ActiveCfg = Debug|Any CPU
		{92B906E6-DA18-43BA-A63C-0A089DEFE173}.Debug|Any CPU.Build.0 = Debug|Any CPU
		{92B906E6-DA18-43BA-A63C-0A089DEFE173}.Release|Any CPU.ActiveCfg = Release|Any CPU
		{92B906E6-DA18-43BA-A63C-0A089DEFE173}.Release|Any CPU.Build.0 = Release|Any CPU
		{01AF6DC6-AE1E-4C3B-BF07-36D1498377A3}.Debug|Any CPU.ActiveCfg = Debug|Any CPU
		{01AF6DC6-AE1E-4C3B-BF07-36D1498377A3}.Debug|Any CPU.Build.0 = Debug|Any CPU
		{01AF6DC6-AE1E-4C3B-BF07-36D1498377A3}.Release|Any CPU.ActiveCfg = Release|Any CPU
		{01AF6DC6-AE1E-4C3B-BF07-36D1498377A3}.Release|Any CPU.Build.0 = Release|Any CPU
		{535E4648-96CB-4896-B9ED-293308D84E15}.Debug|Any CPU.ActiveCfg = Debug|Any CPU
		{535E4648-96CB-4896-B9ED-293308D84E15}.Debug|Any CPU.Build.0 = Debug|Any CPU
		{535E4648-96CB-4896-B9ED-293308D84E15}.Release|Any CPU.ActiveCfg = Release|Any CPU
		{535E4648-96CB-4896-B9ED-293308D84E15}.Release|Any CPU.Build.0 = Release|Any CPU
		{1295DE1F-82CD-43FB-BC9E-84DC24F35456}.Debug|Any CPU.ActiveCfg = Debug|Any CPU
		{1295DE1F-82CD-43FB-BC9E-84DC24F35456}.Debug|Any CPU.Build.0 = Debug|Any CPU
		{1295DE1F-82CD-43FB-BC9E-84DC24F35456}.Release|Any CPU.ActiveCfg = Release|Any CPU
		{1295DE1F-82CD-43FB-BC9E-84DC24F35456}.Release|Any CPU.Build.0 = Release|Any CPU
		{0F234627-F940-4258-BF93-3035EAC7A0F9}.Debug|Any CPU.ActiveCfg = Debug|Any CPU
		{0F234627-F940-4258-BF93-3035EAC7A0F9}.Debug|Any CPU.Build.0 = Debug|Any CPU
		{0F234627-F940-4258-BF93-3035EAC7A0F9}.Release|Any CPU.ActiveCfg = Release|Any CPU
		{0F234627-F940-4258-BF93-3035EAC7A0F9}.Release|Any CPU.Build.0 = Release|Any CPU
		{5571FC90-0F97-4D96-8AD2-3E3A2116D3BC}.Debug|Any CPU.ActiveCfg = Debug|Any CPU
		{5571FC90-0F97-4D96-8AD2-3E3A2116D3BC}.Debug|Any CPU.Build.0 = Debug|Any CPU
		{5571FC90-0F97-4D96-8AD2-3E3A2116D3BC}.Release|Any CPU.ActiveCfg = Release|Any CPU
		{5571FC90-0F97-4D96-8AD2-3E3A2116D3BC}.Release|Any CPU.Build.0 = Release|Any CPU
		{59EBEF4C-B55F-444F-A69A-FAC35FE0D200}.Debug|Any CPU.ActiveCfg = Debug|Any CPU
		{59EBEF4C-B55F-444F-A69A-FAC35FE0D200}.Debug|Any CPU.Build.0 = Debug|Any CPU
		{59EBEF4C-B55F-444F-A69A-FAC35FE0D200}.Release|Any CPU.ActiveCfg = Release|Any CPU
		{59EBEF4C-B55F-444F-A69A-FAC35FE0D200}.Release|Any CPU.Build.0 = Release|Any CPU
		{3ABBBCBC-4D93-4C0A-AE26-05313A8F6874}.Debug|Any CPU.ActiveCfg = Debug|Any CPU
		{3ABBBCBC-4D93-4C0A-AE26-05313A8F6874}.Debug|Any CPU.Build.0 = Debug|Any CPU
		{3ABBBCBC-4D93-4C0A-AE26-05313A8F6874}.Release|Any CPU.ActiveCfg = Release|Any CPU
		{3ABBBCBC-4D93-4C0A-AE26-05313A8F6874}.Release|Any CPU.Build.0 = Release|Any CPU
		{17098255-FDA0-43CE-B57C-7473BE6E3597}.Debug|Any CPU.ActiveCfg = Debug|Any CPU
		{17098255-FDA0-43CE-B57C-7473BE6E3597}.Debug|Any CPU.Build.0 = Debug|Any CPU
		{17098255-FDA0-43CE-B57C-7473BE6E3597}.Release|Any CPU.ActiveCfg = Release|Any CPU
		{17098255-FDA0-43CE-B57C-7473BE6E3597}.Release|Any CPU.Build.0 = Release|Any CPU
	EndGlobalSection
	GlobalSection(SolutionProperties) = preSolution
		HideSolutionNode = FALSE
	EndGlobalSection
	GlobalSection(NestedProjects) = preSolution
		{06C04D3D-61D5-49AE-838C-4E11B744D983} = {4E27FBE1-D33D-4C2C-8807-4EEEF9941A7A}
		{92B906E6-DA18-43BA-A63C-0A089DEFE173} = {4E27FBE1-D33D-4C2C-8807-4EEEF9941A7A}
		{01AF6DC6-AE1E-4C3B-BF07-36D1498377A3} = {4E27FBE1-D33D-4C2C-8807-4EEEF9941A7A}
	EndGlobalSection
	GlobalSection(ExtensibilityGlobals) = postSolution
		SolutionGuid = {A394811D-DB6E-4E59-8209-50AC7E9B8BE5}
	EndGlobalSection
EndGlobal
